// !$*UTF8*$!
{
	archiveVersion = 1;
	classes = {
	};
	objectVersion = 46;
	objects = {

/* Begin PBXBuildFile section */
		82BEB5FC1A7A2DC5004855BA /* main.m in Sources */ = {isa = PBXBuildFile; fileRef = 82BEB5FB1A7A2DC5004855BA /* main.m */; };
		82BEB5FF1A7A2DC5004855BA /* AppDelegate.m in Sources */ = {isa = PBXBuildFile; fileRef = 82BEB5FE1A7A2DC5004855BA /* AppDelegate.m */; };
		82BEB6021A7A2DC5004855BA /* ViewController.m in Sources */ = {isa = PBXBuildFile; fileRef = 82BEB6011A7A2DC5004855BA /* ViewController.m */; };
		82BEB6051A7A2DC5004855BA /* Main.storyboard in Resources */ = {isa = PBXBuildFile; fileRef = 82BEB6031A7A2DC5004855BA /* Main.storyboard */; };
		82BEB6071A7A2DC5004855BA /* Images.xcassets in Resources */ = {isa = PBXBuildFile; fileRef = 82BEB6061A7A2DC5004855BA /* Images.xcassets */; };
		82BEB60A1A7A2DC5004855BA /* LaunchScreen.xib in Resources */ = {isa = PBXBuildFile; fileRef = 82BEB6081A7A2DC5004855BA /* LaunchScreen.xib */; };
		82BEB6161A7A2DC5004855BA /* wechat_sdkTests.m in Sources */ = {isa = PBXBuildFile; fileRef = 82BEB6151A7A2DC5004855BA /* wechat_sdkTests.m */; };
		82BEB62A1A7A2DE8004855BA /* libWeChatSDK.a in Frameworks */ = {isa = PBXBuildFile; fileRef = 82BEB6211A7A2DE8004855BA /* libWeChatSDK.a */; };
		82BEB62C1A7A2DE8004855BA /* libWeChatSDK.a in Frameworks */ = {isa = PBXBuildFile; fileRef = 82BEB6261A7A2DE8004855BA /* libWeChatSDK.a */; };
		82BEB62F1A7A2E09004855BA /* SystemConfiguration.framework in Frameworks */ = {isa = PBXBuildFile; fileRef = 82BEB62E1A7A2E09004855BA /* SystemConfiguration.framework */; };
		82BEB6311A7A2E10004855BA /* libz.dylib in Frameworks */ = {isa = PBXBuildFile; fileRef = 82BEB6301A7A2E10004855BA /* libz.dylib */; };
		82BEB6331A7A2E18004855BA /* libsqlite3.dylib in Frameworks */ = {isa = PBXBuildFile; fileRef = 82BEB6321A7A2E18004855BA /* libsqlite3.dylib */; };
/* End PBXBuildFile section */

/* Begin PBXContainerItemProxy section */
		82BEB6101A7A2DC5004855BA /* PBXContainerItemProxy */ = {
			isa = PBXContainerItemProxy;
			containerPortal = 82BEB5EE1A7A2DC5004855BA /* Project object */;
			proxyType = 1;
			remoteGlobalIDString = 82BEB5F51A7A2DC5004855BA;
			remoteInfo = wechat_sdk;
		};
/* End PBXContainerItemProxy section */

/* Begin PBXFileReference section */
		82BEB5F61A7A2DC5004855BA /* wechat_sdk.app */ = {isa = PBXFileReference; explicitFileType = wrapper.application; includeInIndex = 0; path = wechat_sdk.app; sourceTree = BUILT_PRODUCTS_DIR; };
		82BEB5FA1A7A2DC5004855BA /* Info.plist */ = {isa = PBXFileReference; lastKnownFileType = text.plist.xml; path = Info.plist; sourceTree = "<group>"; };
		82BEB5FB1A7A2DC5004855BA /* main.m */ = {isa = PBXFileReference; lastKnownFileType = sourcecode.c.objc; path = main.m; sourceTree = "<group>"; };
		82BEB5FD1A7A2DC5004855BA /* AppDelegate.h */ = {isa = PBXFileReference; lastKnownFileType = sourcecode.c.h; path = AppDelegate.h; sourceTree = "<group>"; };
		82BEB5FE1A7A2DC5004855BA /* AppDelegate.m */ = {isa = PBXFileReference; lastKnownFileType = sourcecode.c.objc; path = AppDelegate.m; sourceTree = "<group>"; };
		82BEB6001A7A2DC5004855BA /* ViewController.h */ = {isa = PBXFileReference; lastKnownFileType = sourcecode.c.h; path = ViewController.h; sourceTree = "<group>"; };
		82BEB6011A7A2DC5004855BA /* ViewController.m */ = {isa = PBXFileReference; lastKnownFileType = sourcecode.c.objc; path = ViewController.m; sourceTree = "<group>"; };
		82BEB6041A7A2DC5004855BA /* Base */ = {isa = PBXFileReference; lastKnownFileType = file.storyboard; name = Base; path = Base.lproj/Main.storyboard; sourceTree = "<group>"; };
		82BEB6061A7A2DC5004855BA /* Images.xcassets */ = {isa = PBXFileReference; lastKnownFileType = folder.assetcatalog; path = Images.xcassets; sourceTree = "<group>"; };
		82BEB6091A7A2DC5004855BA /* Base */ = {isa = PBXFileReference; lastKnownFileType = file.xib; name = Base; path = Base.lproj/LaunchScreen.xib; sourceTree = "<group>"; };
		82BEB60F1A7A2DC5004855BA /* wechat_sdkTests.xctest */ = {isa = PBXFileReference; explicitFileType = wrapper.cfbundle; includeInIndex = 0; path = wechat_sdkTests.xctest; sourceTree = BUILT_PRODUCTS_DIR; };
		82BEB6141A7A2DC5004855BA /* Info.plist */ = {isa = PBXFileReference; lastKnownFileType = text.plist.xml; path = Info.plist; sourceTree = "<group>"; };
		82BEB6151A7A2DC5004855BA /* wechat_sdkTests.m */ = {isa = PBXFileReference; lastKnownFileType = sourcecode.c.objc; path = wechat_sdkTests.m; sourceTree = "<group>"; };
		82BEB6211A7A2DE8004855BA /* libWeChatSDK.a */ = {isa = PBXFileReference; lastKnownFileType = archive.ar; path = libWeChatSDK.a; sourceTree = "<group>"; };
		82BEB6231A7A2DE8004855BA /* WXApi.h */ = {isa = PBXFileReference; fileEncoding = 4; lastKnownFileType = sourcecode.c.h; path = WXApi.h; sourceTree = "<group>"; };
		82BEB6241A7A2DE8004855BA /* WXApiObject.h */ = {isa = PBXFileReference; fileEncoding = 4; lastKnownFileType = sourcecode.c.h; path = WXApiObject.h; sourceTree = "<group>"; };
		82BEB6261A7A2DE8004855BA /* libWeChatSDK.a */ = {isa = PBXFileReference; lastKnownFileType = archive.ar; path = libWeChatSDK.a; sourceTree = "<group>"; };
		82BEB6281A7A2DE8004855BA /* WXApi.h */ = {isa = PBXFileReference; fileEncoding = 4; lastKnownFileType = sourcecode.c.h; path = WXApi.h; sourceTree = "<group>"; };
		82BEB6291A7A2DE8004855BA /* WXApiObject.h */ = {isa = PBXFileReference; fileEncoding = 4; lastKnownFileType = sourcecode.c.h; path = WXApiObject.h; sourceTree = "<group>"; };
		82BEB62E1A7A2E09004855BA /* SystemConfiguration.framework */ = {isa = PBXFileReference; lastKnownFileType = wrapper.framework; name = SystemConfiguration.framework; path = System/Library/Frameworks/SystemConfiguration.framework; sourceTree = SDKROOT; };
		82BEB6301A7A2E10004855BA /* libz.dylib */ = {isa = PBXFileReference; lastKnownFileType = "compiled.mach-o.dylib"; name = libz.dylib; path = usr/lib/libz.dylib; sourceTree = SDKROOT; };
		82BEB6321A7A2E18004855BA /* libsqlite3.dylib */ = {isa = PBXFileReference; lastKnownFileType = "compiled.mach-o.dylib"; name = libsqlite3.dylib; path = usr/lib/libsqlite3.dylib; sourceTree = SDKROOT; };
/* End PBXFileReference section */

/* Begin PBXFrameworksBuildPhase section */
		82BEB5F31A7A2DC5004855BA /* Frameworks */ = {
			isa = PBXFrameworksBuildPhase;
			buildActionMask = 2147483647;
			files = (
				82BEB6331A7A2E18004855BA /* libsqlite3.dylib in Frameworks */,
				82BEB6311A7A2E10004855BA /* libz.dylib in Frameworks */,
				82BEB62F1A7A2E09004855BA /* SystemConfiguration.framework in Frameworks */,
				82BEB62C1A7A2DE8004855BA /* libWeChatSDK.a in Frameworks */,
				82BEB62A1A7A2DE8004855BA /* libWeChatSDK.a in Frameworks */,
			);
			runOnlyForDeploymentPostprocessing = 0;
		};
		82BEB60C1A7A2DC5004855BA /* Frameworks */ = {
			isa = PBXFrameworksBuildPhase;
			buildActionMask = 2147483647;
			files = (
			);
			runOnlyForDeploymentPostprocessing = 0;
		};
/* End PBXFrameworksBuildPhase section */

/* Begin PBXGroup section */
		82BEB5ED1A7A2DC5004855BA = {
			isa = PBXGroup;
			children = (
				82BEB6321A7A2E18004855BA /* libsqlite3.dylib */,
				82BEB6301A7A2E10004855BA /* libz.dylib */,
				82BEB62E1A7A2E09004855BA /* SystemConfiguration.framework */,
				82BEB61F1A7A2DE8004855BA /* sdk */,
				82BEB5F81A7A2DC5004855BA /* wechat_sdk */,
				82BEB6121A7A2DC5004855BA /* wechat_sdkTests */,
				82BEB5F71A7A2DC5004855BA /* Products */,
			);
			sourceTree = "<group>";
		};
		82BEB5F71A7A2DC5004855BA /* Products */ = {
			isa = PBXGroup;
			children = (
				82BEB5F61A7A2DC5004855BA /* wechat_sdk.app */,
				82BEB60F1A7A2DC5004855BA /* wechat_sdkTests.xctest */,
			);
			name = Products;
			sourceTree = "<group>";
		};
		82BEB5F81A7A2DC5004855BA /* wechat_sdk */ = {
			isa = PBXGroup;
			children = (
				82BEB5FD1A7A2DC5004855BA /* AppDelegate.h */,
				82BEB5FE1A7A2DC5004855BA /* AppDelegate.m */,
				82BEB6001A7A2DC5004855BA /* ViewController.h */,
				82BEB6011A7A2DC5004855BA /* ViewController.m */,
				82BEB6031A7A2DC5004855BA /* Main.storyboard */,
				82BEB6061A7A2DC5004855BA /* Images.xcassets */,
				82BEB6081A7A2DC5004855BA /* LaunchScreen.xib */,
				82BEB5F91A7A2DC5004855BA /* Supporting Files */,
			);
			path = wechat_sdk;
			sourceTree = "<group>";
		};
		82BEB5F91A7A2DC5004855BA /* Supporting Files */ = {
			isa = PBXGroup;
			children = (
				82BEB5FA1A7A2DC5004855BA /* Info.plist */,
				82BEB5FB1A7A2DC5004855BA /* main.m */,
			);
			name = "Supporting Files";
			sourceTree = "<group>";
		};
		82BEB6121A7A2DC5004855BA /* wechat_sdkTests */ = {
			isa = PBXGroup;
			children = (
				82BEB6151A7A2DC5004855BA /* wechat_sdkTests.m */,
				82BEB6131A7A2DC5004855BA /* Supporting Files */,
			);
			path = wechat_sdkTests;
			sourceTree = "<group>";
		};
		82BEB6131A7A2DC5004855BA /* Supporting Files */ = {
			isa = PBXGroup;
			children = (
				82BEB6141A7A2DC5004855BA /* Info.plist */,
			);
			name = "Supporting Files";
			sourceTree = "<group>";
		};
		82BEB61F1A7A2DE8004855BA /* sdk */ = {
			isa = PBXGroup;
			children = (
				82BEB6201A7A2DE8004855BA /* WeChatSDK_1.5 */,
				82BEB6251A7A2DE8004855BA /* WeChatSDK_1.5_OnlyIphone */,
			);
			path = sdk;
			sourceTree = "<group>";
		};
		82BEB6201A7A2DE8004855BA /* WeChatSDK_1.5 */ = {
			isa = PBXGroup;
			children = (
				82BEB6211A7A2DE8004855BA /* libWeChatSDK.a */,
				82BEB6231A7A2DE8004855BA /* WXApi.h */,
				82BEB6241A7A2DE8004855BA /* WXApiObject.h */,
			);
			path = WeChatSDK_1.5;
			sourceTree = "<group>";
		};
		82BEB6251A7A2DE8004855BA /* WeChatSDK_1.5_OnlyIphone */ = {
			isa = PBXGroup;
			children = (
				82BEB6261A7A2DE8004855BA /* libWeChatSDK.a */,
				82BEB6281A7A2DE8004855BA /* WXApi.h */,
				82BEB6291A7A2DE8004855BA /* WXApiObject.h */,
			);
			path = WeChatSDK_1.5_OnlyIphone;
			sourceTree = "<group>";
		};
/* End PBXGroup section */

/* Begin PBXNativeTarget section */
		82BEB5F51A7A2DC5004855BA /* wechat_sdk */ = {
			isa = PBXNativeTarget;
			buildConfigurationList = 82BEB6191A7A2DC5004855BA /* Build configuration list for PBXNativeTarget "wechat_sdk" */;
			buildPhases = (
				82BEB5F21A7A2DC5004855BA /* Sources */,
				82BEB5F31A7A2DC5004855BA /* Frameworks */,
				82BEB5F41A7A2DC5004855BA /* Resources */,
			);
			buildRules = (
			);
			dependencies = (
			);
			name = wechat_sdk;
			productName = wechat_sdk;
			productReference = 82BEB5F61A7A2DC5004855BA /* wechat_sdk.app */;
			productType = "com.apple.product-type.application";
		};
		82BEB60E1A7A2DC5004855BA /* wechat_sdkTests */ = {
			isa = PBXNativeTarget;
			buildConfigurationList = 82BEB61C1A7A2DC5004855BA /* Build configuration list for PBXNativeTarget "wechat_sdkTests" */;
			buildPhases = (
				82BEB60B1A7A2DC5004855BA /* Sources */,
				82BEB60C1A7A2DC5004855BA /* Frameworks */,
				82BEB60D1A7A2DC5004855BA /* Resources */,
			);
			buildRules = (
			);
			dependencies = (
				82BEB6111A7A2DC5004855BA /* PBXTargetDependency */,
			);
			name = wechat_sdkTests;
			productName = wechat_sdkTests;
			productReference = 82BEB60F1A7A2DC5004855BA /* wechat_sdkTests.xctest */;
			productType = "com.apple.product-type.bundle.unit-test";
		};
/* End PBXNativeTarget section */

/* Begin PBXProject section */
		82BEB5EE1A7A2DC5004855BA /* Project object */ = {
			isa = PBXProject;
			attributes = {
				LastUpgradeCheck = 0610;
				ORGANIZATIONNAME = lxtap;
				TargetAttributes = {
					82BEB5F51A7A2DC5004855BA = {
						CreatedOnToolsVersion = 6.1.1;
					};
					82BEB60E1A7A2DC5004855BA = {
						CreatedOnToolsVersion = 6.1.1;
						TestTargetID = 82BEB5F51A7A2DC5004855BA;
					};
				};
			};
			buildConfigurationList = 82BEB5F11A7A2DC5004855BA /* Build configuration list for PBXProject "wechat_sdk" */;
			compatibilityVersion = "Xcode 3.2";
			developmentRegion = English;
			hasScannedForEncodings = 0;
			knownRegions = (
				en,
				Base,
			);
			mainGroup = 82BEB5ED1A7A2DC5004855BA;
			productRefGroup = 82BEB5F71A7A2DC5004855BA /* Products */;
			projectDirPath = "";
			projectRoot = "";
			targets = (
				82BEB5F51A7A2DC5004855BA /* wechat_sdk */,
				82BEB60E1A7A2DC5004855BA /* wechat_sdkTests */,
			);
		};
/* End PBXProject section */

/* Begin PBXResourcesBuildPhase section */
		82BEB5F41A7A2DC5004855BA /* Resources */ = {
			isa = PBXResourcesBuildPhase;
			buildActionMask = 2147483647;
			files = (
				82BEB6051A7A2DC5004855BA /* Main.storyboard in Resources */,
				82BEB60A1A7A2DC5004855BA /* LaunchScreen.xib in Resources */,
				82BEB6071A7A2DC5004855BA /* Images.xcassets in Resources */,
			);
			runOnlyForDeploymentPostprocessing = 0;
		};
		82BEB60D1A7A2DC5004855BA /* Resources */ = {
			isa = PBXResourcesBuildPhase;
			buildActionMask = 2147483647;
			files = (
			);
			runOnlyForDeploymentPostprocessing = 0;
		};
/* End PBXResourcesBuildPhase section */

/* Begin PBXSourcesBuildPhase section */
		82BEB5F21A7A2DC5004855BA /* Sources */ = {
			isa = PBXSourcesBuildPhase;
			buildActionMask = 2147483647;
			files = (
				82BEB6021A7A2DC5004855BA /* ViewController.m in Sources */,
				82BEB5FF1A7A2DC5004855BA /* AppDelegate.m in Sources */,
				82BEB5FC1A7A2DC5004855BA /* main.m in Sources */,
			);
			runOnlyForDeploymentPostprocessing = 0;
		};
		82BEB60B1A7A2DC5004855BA /* Sources */ = {
			isa = PBXSourcesBuildPhase;
			buildActionMask = 2147483647;
			files = (
				82BEB6161A7A2DC5004855BA /* wechat_sdkTests.m in Sources */,
			);
			runOnlyForDeploymentPostprocessing = 0;
		};
/* End PBXSourcesBuildPhase section */

/* Begin PBXTargetDependency section */
		82BEB6111A7A2DC5004855BA /* PBXTargetDependency */ = {
			isa = PBXTargetDependency;
			target = 82BEB5F51A7A2DC5004855BA /* wechat_sdk */;
			targetProxy = 82BEB6101A7A2DC5004855BA /* PBXContainerItemProxy */;
		};
/* End PBXTargetDependency section */

/* Begin PBXVariantGroup section */
		82BEB6031A7A2DC5004855BA /* Main.storyboard */ = {
			isa = PBXVariantGroup;
			children = (
				82BEB6041A7A2DC5004855BA /* Base */,
			);
			name = Main.storyboard;
			sourceTree = "<group>";
		};
		82BEB6081A7A2DC5004855BA /* LaunchScreen.xib */ = {
			isa = PBXVariantGroup;
			children = (
				82BEB6091A7A2DC5004855BA /* Base */,
			);
			name = LaunchScreen.xib;
			sourceTree = "<group>";
		};
/* End PBXVariantGroup section */

/* Begin XCBuildConfiguration section */
		82BEB6171A7A2DC5004855BA /* Debug */ = {
			isa = XCBuildConfiguration;
			buildSettings = {
				ALWAYS_SEARCH_USER_PATHS = NO;
				CLANG_CXX_LANGUAGE_STANDARD = "gnu++0x";
				CLANG_CXX_LIBRARY = "libc++";
				CLANG_ENABLE_MODULES = YES;
				CLANG_ENABLE_OBJC_ARC = YES;
				CLANG_WARN_BOOL_CONVERSION = YES;
				CLANG_WARN_CONSTANT_CONVERSION = YES;
				CLANG_WARN_DIRECT_OBJC_ISA_USAGE = YES_ERROR;
				CLANG_WARN_EMPTY_BODY = YES;
				CLANG_WARN_ENUM_CONVERSION = YES;
				CLANG_WARN_INT_CONVERSION = YES;
				CLANG_WARN_OBJC_ROOT_CLASS = YES_ERROR;
				CLANG_WARN_UNREACHABLE_CODE = YES;
				CLANG_WARN__DUPLICATE_METHOD_MATCH = YES;
				"CODE_SIGN_IDENTITY[sdk=iphoneos*]" = "iPhone Developer";
				COPY_PHASE_STRIP = NO;
				ENABLE_STRICT_OBJC_MSGSEND = YES;
				GCC_C_LANGUAGE_STANDARD = gnu99;
				GCC_DYNAMIC_NO_PIC = NO;
				GCC_OPTIMIZATION_LEVEL = 0;
				GCC_PREPROCESSOR_DEFINITIONS = (
					"DEBUG=1",
					"$(inherited)",
				);
				GCC_SYMBOLS_PRIVATE_EXTERN = NO;
				GCC_WARN_64_TO_32_BIT_CONVERSION = YES;
				GCC_WARN_ABOUT_RETURN_TYPE = YES_ERROR;
				GCC_WARN_UNDECLARED_SELECTOR = YES;
				GCC_WARN_UNINITIALIZED_AUTOS = YES_AGGRESSIVE;
				GCC_WARN_UNUSED_FUNCTION = YES;
				GCC_WARN_UNUSED_VARIABLE = YES;
				IPHONEOS_DEPLOYMENT_TARGET = 8.1;
				MTL_ENABLE_DEBUG_INFO = YES;
				ONLY_ACTIVE_ARCH = YES;
				SDKROOT = iphoneos;
			};
			name = Debug;
		};
		82BEB6181A7A2DC5004855BA /* Release */ = {
			isa = XCBuildConfiguration;
			buildSettings = {
				ALWAYS_SEARCH_USER_PATHS = NO;
				CLANG_CXX_LANGUAGE_STANDARD = "gnu++0x";
				CLANG_CXX_LIBRARY = "libc++";
				CLANG_ENABLE_MODULES = YES;
				CLANG_ENABLE_OBJC_ARC = YES;
				CLANG_WARN_BOOL_CONVERSION = YES;
				CLANG_WARN_CONSTANT_CONVERSION = YES;
				CLANG_WARN_DIRECT_OBJC_ISA_USAGE = YES_ERROR;
				CLANG_WARN_EMPTY_BODY = YES;
				CLANG_WARN_ENUM_CONVERSION = YES;
				CLANG_WARN_INT_CONVERSION = YES;
				CLANG_WARN_OBJC_ROOT_CLASS = YES_ERROR;
				CLANG_WARN_UNREACHABLE_CODE = YES;
				CLANG_WARN__DUPLICATE_METHOD_MATCH = YES;
				"CODE_SIGN_IDENTITY[sdk=iphoneos*]" = "iPhone Developer";
				COPY_PHASE_STRIP = YES;
				ENABLE_NS_ASSERTIONS = NO;
				ENABLE_STRICT_OBJC_MSGSEND = YES;
				GCC_C_LANGUAGE_STANDARD = gnu99;
				GCC_WARN_64_TO_32_BIT_CONVERSION = YES;
				GCC_WARN_ABOUT_RETURN_TYPE = YES_ERROR;
				GCC_WARN_UNDECLARED_SELECTOR = YES;
				GCC_WARN_UNINITIALIZED_AUTOS = YES_AGGRESSIVE;
				GCC_WARN_UNUSED_FUNCTION = YES;
				GCC_WARN_UNUSED_VARIABLE = YES;
				IPHONEOS_DEPLOYMENT_TARGET = 8.1;
				MTL_ENABLE_DEBUG_INFO = NO;
				SDKROOT = iphoneos;
				VALIDATE_PRODUCT = YES;
			};
			name = Release;
		};
		82BEB61A1A7A2DC5004855BA /* Debug */ = {
			isa = XCBuildConfiguration;
			buildSettings = {
				ASSETCATALOG_COMPILER_APPICON_NAME = AppIcon;
				INFOPLIST_FILE = wechat_sdk/Info.plist;
				LD_RUNPATH_SEARCH_PATHS = "$(inherited) @executable_path/Frameworks";
				LIBRARY_SEARCH_PATHS = (
					"$(inherited)",
					"$(PROJECT_DIR)/sdk/WeChatSDK_1.5",
					"$(PROJECT_DIR)/sdk/WeChatSDK_1.5_OnlyIphone",
				);
				PRODUCT_NAME = "$(TARGET_NAME)";
			};
			name = Debug;
		};
		82BEB61B1A7A2DC5004855BA /* Release */ = {
			isa = XCBuildConfiguration;
			buildSettings = {
				ASSETCATALOG_COMPILER_APPICON_NAME = AppIcon;
				INFOPLIST_FILE = wechat_sdk/Info.plist;
				LD_RUNPATH_SEARCH_PATHS = "$(inherited) @executable_path/Frameworks";
				LIBRARY_SEARCH_PATHS = (
					"$(inherited)",
					"$(PROJECT_DIR)/sdk/WeChatSDK_1.5",
					"$(PROJECT_DIR)/sdk/WeChatSDK_1.5_OnlyIphone",
				);
				PRODUCT_NAME = "$(TARGET_NAME)";
			};
			name = Release;
		};
		82BEB61D1A7A2DC5004855BA /* Debug */ = {
			isa = XCBuildConfiguration;
			buildSettings = {
				BUNDLE_LOADER = "$(TEST_HOST)";
				FRAMEWORK_SEARCH_PATHS = (
					"$(SDKROOT)/Developer/Library/Frameworks",
					"$(inherited)",
				);
				GCC_PREPROCESSOR_DEFINITIONS = (
					"DEBUG=1",
					"$(inherited)",
				);
				INFOPLIST_FILE = wechat_sdkTests/Info.plist;
				LD_RUNPATH_SEARCH_PATHS = "$(inherited) @executable_path/Frameworks @loader_path/Frameworks";
				PRODUCT_NAME = "$(TARGET_NAME)";
				TEST_HOST = "$(BUILT_PRODUCTS_DIR)/wechat_sdk.app/wechat_sdk";
			};
			name = Debug;
		};
		82BEB61E1A7A2DC5004855BA /* Release */ = {
			isa = XCBuildConfiguration;
			buildSettings = {
				BUNDLE_LOADER = "$(TEST_HOST)";
				FRAMEWORK_SEARCH_PATHS = (
					"$(SDKROOT)/Developer/Library/Frameworks",
					"$(inherited)",
				);
				INFOPLIST_FILE = wechat_sdkTests/Info.plist;
				LD_RUNPATH_SEARCH_PATHS = "$(inherited) @executable_path/Frameworks @loader_path/Frameworks";
				PRODUCT_NAME = "$(TARGET_NAME)";
				TEST_HOST = "$(BUILT_PRODUCTS_DIR)/wechat_sdk.app/wechat_sdk";
			};
			name = Release;
		};
/* End XCBuildConfiguration section */

/* Begin XCConfigurationList section */
		82BEB5F11A7A2DC5004855BA /* Build configuration list for PBXProject "wechat_sdk" */ = {
			isa = XCConfigurationList;
			buildConfigurations = (
				82BEB6171A7A2DC5004855BA /* Debug */,
				82BEB6181A7A2DC5004855BA /* Release */,
			);
			defaultConfigurationIsVisible = 0;
			defaultConfigurationName = Release;
		};
		82BEB6191A7A2DC5004855BA /* Build configuration list for PBXNativeTarget "wechat_sdk" */ = {
			isa = XCConfigurationList;
			buildConfigurations = (
				82BEB61A1A7A2DC5004855BA /* Debug */,
				82BEB61B1A7A2DC5004855BA /* Release */,
			);
			defaultConfigurationIsVisible = 0;
		};
		82BEB61C1A7A2DC5004855BA /* Build configuration list for PBXNativeTarget "wechat_sdkTests" */ = {
			isa = XCConfigurationList;
			buildConfigurations = (
				82BEB61D1A7A2DC5004855BA /* Debug */,
				82BEB61E1A7A2DC5004855BA /* Release */,
			);
			defaultConfigurationIsVisible = 0;
		};
/* End XCConfigurationList section */
	};
	rootObject = 82BEB5EE1A7A2DC5004855BA /* Project object */;
}
